
Microsoft Visual Studio Solution File, Format Version 12.00
# Visual Studio Version 17
VisualStudioVersion = 17.10.35201.131
MinimumVisualStudioVersion = 10.0.40219.1
Project("{FAE04EC0-301F-11D3-BF4B-00C04F79EFBC}") = "Calculator", "Calculator\Calculator.csproj", "{A387424D-D46B-4A0A-A751-14F72CCAE5B4}"
EndProject
Global
	GlobalSection(SolutionConfigurationPlatforms) = preSolution
		Debug|Any CPU = Debug|Any CPU
		Release|Any CPU = Release|Any CPU
	EndGlobalSection
	GlobalSection(ProjectConfigurationPlatforms) = postSolution
		{A387424D-D46B-4A0A-A751-14F72CCAE5B4}.Debug|Any CPU.ActiveCfg = Debug|Any CPU
		{A387424D-D46B-4A0A-A751-14F72CCAE5B4}.Debug|Any CPU.Build.0 = Debug|Any CPU
		{A387424D-D46B-4A0A-A751-14F72CCAE5B4}.Release|Any CPU.ActiveCfg = Release|Any CPU
		{A387424D-D46B-4A0A-A751-14F72CCAE5B4}.Release|Any CPU.Build.0 = Release|Any CPU
	EndGlobalSection
	GlobalSection(SolutionProperties) = preSolution
		HideSolutionNode = FALSE
	EndGlobalSection
	GlobalSection(ExtensibilityGlobals) = postSolution
		SolutionGuid = {21C07E3D-ACE1-4449-BC18-275E86EF0DBA}
	EndGlobalSection
EndGlobal
