
Microsoft Visual Studio Solution File, Format Version 12.00
# Visual Studio Version 17
VisualStudioVersion = 17.10.35201.131
MinimumVisualStudioVersion = 10.0.40219.1
Project("{FAE04EC0-301F-11D3-BF4B-00C04F79EFBC}") = "ContactApp", "ContactApp\ContactApp.csproj", "{002BBBDD-9B91-49B9-BF88-7D29F75B167C}"
EndProject
Global
	GlobalSection(SolutionConfigurationPlatforms) = preSolution
		Debug|Any CPU = Debug|Any CPU
		Release|Any CPU = Release|Any CPU
	EndGlobalSection
	GlobalSection(ProjectConfigurationPlatforms) = postSolution
		{002BBBDD-9B91-49B9-BF88-7D29F75B167C}.Debug|Any CPU.ActiveCfg = Debug|Any CPU
		{002BBBDD-9B91-49B9-BF88-7D29F75B167C}.Debug|Any CPU.Build.0 = Debug|Any CPU
		{002BBBDD-9B91-49B9-BF88-7D29F75B167C}.Release|Any CPU.ActiveCfg = Release|Any CPU
		{002BBBDD-9B91-49B9-BF88-7D29F75B167C}.Release|Any CPU.Build.0 = Release|Any CPU
	EndGlobalSection
	GlobalSection(SolutionProperties) = preSolution
		HideSolutionNode = FALSE
	EndGlobalSection
	GlobalSection(ExtensibilityGlobals) = postSolution
		SolutionGuid = {247C14A9-2BFE-4AAD-A1D9-8238BA79026D}
	EndGlobalSection
EndGlobal
