
Microsoft Visual Studio Solution File, Format Version 12.00
# Visual Studio Version 17
VisualStudioVersion = 17.10.35201.131
MinimumVisualStudioVersion = 10.0.40219.1
Project("{FAE04EC0-301F-11D3-BF4B-00C04F79EFBC}") = "WeatherApp", "WeatherApp\WeatherApp.csproj", "{E5C78A17-C187-44A1-BB98-C6425CF9DD00}"
EndProject
Global
	GlobalSection(SolutionConfigurationPlatforms) = preSolution
		Debug|Any CPU = Debug|Any CPU
		Release|Any CPU = Release|Any CPU
	EndGlobalSection
	GlobalSection(ProjectConfigurationPlatforms) = postSolution
		{E5C78A17-C187-44A1-BB98-C6425CF9DD00}.Debug|Any CPU.ActiveCfg = Debug|Any CPU
		{E5C78A17-C187-44A1-BB98-C6425CF9DD00}.Debug|Any CPU.Build.0 = Debug|Any CPU
		{E5C78A17-C187-44A1-BB98-C6425CF9DD00}.Release|Any CPU.ActiveCfg = Release|Any CPU
		{E5C78A17-C187-44A1-BB98-C6425CF9DD00}.Release|Any CPU.Build.0 = Release|Any CPU
	EndGlobalSection
	GlobalSection(SolutionProperties) = preSolution
		HideSolutionNode = FALSE
	EndGlobalSection
	GlobalSection(ExtensibilityGlobals) = postSolution
		SolutionGuid = {759C9253-A628-4440-8184-A867625337C1}
	EndGlobalSection
EndGlobal
